
Microsoft Visual Studio Solution File, Format Version 12.00
# Visual Studio Version 16
VisualStudioVersion = 16.0.30711.63
MinimumVisualStudioVersion = 10.0.40219.1
Project("{FAE04EC0-301F-11D3-BF4B-00C04F79EFBC}") = "Log4netCoreAgain", "Log4netCoreAgain\Log4netCoreAgain.csproj", "{878AEF7B-9B41-433A-9781-08F71F88DDCB}"
EndProject
Global
	GlobalSection(SolutionConfigurationPlatforms) = preSolution
		Debug|Any CPU = Debug|Any CPU
		Release|Any CPU = Release|Any CPU
	EndGlobalSection
	GlobalSection(ProjectConfigurationPlatforms) = postSolution
		{878AEF7B-9B41-433A-9781-08F71F88DDCB}.Debug|Any CPU.ActiveCfg = Debug|Any CPU
		{878AEF7B-9B41-433A-9781-08F71F88DDCB}.Debug|Any CPU.Build.0 = Debug|Any CPU
		{878AEF7B-9B41-433A-9781-08F71F88DDCB}.Release|Any CPU.ActiveCfg = Release|Any CPU
		{878AEF7B-9B41-433A-9781-08F71F88DDCB}.Release|Any CPU.Build.0 = Release|Any CPU
	EndGlobalSection
	GlobalSection(SolutionProperties) = preSolution
		HideSolutionNode = FALSE
	EndGlobalSection
	GlobalSection(ExtensibilityGlobals) = postSolution
		SolutionGuid = {3AAFE480-B91F-4D7E-BF6F-3658D29C4312}
	EndGlobalSection
EndGlobal
